
Microsoft Visual Studio Solution File, Format Version 12.00
# Visual Studio 15
VisualStudioVersion = 15.0.27703.2042
MinimumVisualStudioVersion = 10.0.40219.1
Project("{FAE04EC0-301F-11D3-BF4B-00C04F79EFBC}") = "TaskString", "TaskString\TaskString.csproj", "{FAFF31A5-B2C5-465A-9754-F739B1FD43C4}"
EndProject
Global
	GlobalSection(SolutionConfigurationPlatforms) = preSolution
		Debug|Any CPU = Debug|Any CPU
		Release|Any CPU = Release|Any CPU
	EndGlobalSection
	GlobalSection(ProjectConfigurationPlatforms) = postSolution
		{FAFF31A5-B2C5-465A-9754-F739B1FD43C4}.Debug|Any CPU.ActiveCfg = Debug|Any CPU
		{FAFF31A5-B2C5-465A-9754-F739B1FD43C4}.Debug|Any CPU.Build.0 = Debug|Any CPU
		{FAFF31A5-B2C5-465A-9754-F739B1FD43C4}.Release|Any CPU.ActiveCfg = Release|Any CPU
		{FAFF31A5-B2C5-465A-9754-F739B1FD43C4}.Release|Any CPU.Build.0 = Release|Any CPU
	EndGlobalSection
	GlobalSection(SolutionProperties) = preSolution
		HideSolutionNode = FALSE
	EndGlobalSection
	GlobalSection(ExtensibilityGlobals) = postSolution
		SolutionGuid = {04092F9A-58D0-4CEF-A037-C43A01AF573F}
	EndGlobalSection
EndGlobal
